
Microsoft Visual Studio Solution File, Format Version 12.00
# Visual Studio Version 17
VisualStudioVersion = 17.5.33627.172
MinimumVisualStudioVersion = 10.0.40219.1
Project("{FAE04EC0-301F-11D3-BF4B-00C04F79EFBC}") = "Database", "Database\Database.csproj", "{89116D39-8987-402D-BC0F-4B398F433950}"
EndProject
Global
	GlobalSection(SolutionConfigurationPlatforms) = preSolution
		Debug|Any CPU = Debug|Any CPU
		Release|Any CPU = Release|Any CPU
	EndGlobalSection
	GlobalSection(ProjectConfigurationPlatforms) = postSolution
		{89116D39-8987-402D-BC0F-4B398F433950}.Debug|Any CPU.ActiveCfg = Debug|Any CPU
		{89116D39-8987-402D-BC0F-4B398F433950}.Debug|Any CPU.Build.0 = Debug|Any CPU
		{89116D39-8987-402D-BC0F-4B398F433950}.Release|Any CPU.ActiveCfg = Release|Any CPU
		{89116D39-8987-402D-BC0F-4B398F433950}.Release|Any CPU.Build.0 = Release|Any CPU
	EndGlobalSection
	GlobalSection(SolutionProperties) = preSolution
		HideSolutionNode = FALSE
	EndGlobalSection
	GlobalSection(ExtensibilityGlobals) = postSolution
		SolutionGuid = {C7E4FF07-C681-4DEC-A4A2-4A5F239B783C}
	EndGlobalSection
EndGlobal
